
Microsoft Visual Studio Solution File, Format Version 12.00
# Visual Studio 15
VisualStudioVersion = 15.0.28307.779
MinimumVisualStudioVersion = 10.0.40219.1
Project("{FAE04EC0-301F-11D3-BF4B-00C04F79EFBC}") = "EntropyEstimation", "Cryptology\EntropyEstimation.csproj", "{ED4F61B7-0C19-4A33-BB6A-221847786B4C}"
EndProject
Project("{FAE04EC0-301F-11D3-BF4B-00C04F79EFBC}") = "Vigenere_cipher_encryption", "Vigenere_cipher_encryption\Vigenere_cipher_encryption.csproj", "{B41B7D56-3099-4525-90BE-A94168BC8E74}"
EndProject
Project("{FAE04EC0-301F-11D3-BF4B-00C04F79EFBC}") = "Affine_cipher_encryption", "Affine_cipher_encryption\Affine_cipher_encryption.csproj", "{5B1792D8-5F28-4A2D-9642-68B625C8504F}"
EndProject
Project("{FAE04EC0-301F-11D3-BF4B-00C04F79EFBC}") = "Geffe_generator", "Geffe_generator\Geffe_generator.csproj", "{832B90BE-4C46-4A28-BE46-27E59034C4C8}"
EndProject
Global
	GlobalSection(SolutionConfigurationPlatforms) = preSolution
		Debug|Any CPU = Debug|Any CPU
		Release|Any CPU = Release|Any CPU
	EndGlobalSection
	GlobalSection(ProjectConfigurationPlatforms) = postSolution
		{ED4F61B7-0C19-4A33-BB6A-221847786B4C}.Debug|Any CPU.ActiveCfg = Debug|Any CPU
		{ED4F61B7-0C19-4A33-BB6A-221847786B4C}.Debug|Any CPU.Build.0 = Debug|Any CPU
		{ED4F61B7-0C19-4A33-BB6A-221847786B4C}.Release|Any CPU.ActiveCfg = Release|Any CPU
		{ED4F61B7-0C19-4A33-BB6A-221847786B4C}.Release|Any CPU.Build.0 = Release|Any CPU
		{B41B7D56-3099-4525-90BE-A94168BC8E74}.Debug|Any CPU.ActiveCfg = Debug|Any CPU
		{B41B7D56-3099-4525-90BE-A94168BC8E74}.Debug|Any CPU.Build.0 = Debug|Any CPU
		{B41B7D56-3099-4525-90BE-A94168BC8E74}.Release|Any CPU.ActiveCfg = Release|Any CPU
		{B41B7D56-3099-4525-90BE-A94168BC8E74}.Release|Any CPU.Build.0 = Release|Any CPU
		{5B1792D8-5F28-4A2D-9642-68B625C8504F}.Debug|Any CPU.ActiveCfg = Debug|Any CPU
		{5B1792D8-5F28-4A2D-9642-68B625C8504F}.Debug|Any CPU.Build.0 = Debug|Any CPU
		{5B1792D8-5F28-4A2D-9642-68B625C8504F}.Release|Any CPU.ActiveCfg = Release|Any CPU
		{5B1792D8-5F28-4A2D-9642-68B625C8504F}.Release|Any CPU.Build.0 = Release|Any CPU
		{832B90BE-4C46-4A28-BE46-27E59034C4C8}.Debug|Any CPU.ActiveCfg = Debug|Any CPU
		{832B90BE-4C46-4A28-BE46-27E59034C4C8}.Debug|Any CPU.Build.0 = Debug|Any CPU
		{832B90BE-4C46-4A28-BE46-27E59034C4C8}.Release|Any CPU.ActiveCfg = Release|Any CPU
		{832B90BE-4C46-4A28-BE46-27E59034C4C8}.Release|Any CPU.Build.0 = Release|Any CPU
	EndGlobalSection
	GlobalSection(SolutionProperties) = preSolution
		HideSolutionNode = FALSE
	EndGlobalSection
	GlobalSection(ExtensibilityGlobals) = postSolution
		SolutionGuid = {692B8D91-06DB-4CB8-8935-760E54FE8245}
	EndGlobalSection
EndGlobal
